
Microsoft Visual Studio Solution File, Format Version 12.00
# Visual Studio Version 17
VisualStudioVersion = 17.5.002.0
MinimumVisualStudioVersion = 10.0.40219.1
Project("{9A19103F-16F7-4668-BE54-9A1E7A4F7556}") = "Task10", "Task10\Task10.csproj", "{652C7C4B-CA0E-4822-8CFC-10BDC85ADD21}"
EndProject
Project("{9A19103F-16F7-4668-BE54-9A1E7A4F7556}") = "Task13", "Task13\Task13.csproj", "{70599DA1-2B26-46EC-9A8F-DBCF39D055A1}"
EndProject
Project("{9A19103F-16F7-4668-BE54-9A1E7A4F7556}") = "Task15", "Task15\Task15.csproj", "{35AF2637-B82B-4B36-816A-C4892D8B7BE4}"
EndProject
Project("{9A19103F-16F7-4668-BE54-9A1E7A4F7556}") = "Task19", "Task19\Task19.csproj", "{FD85A52E-C49E-453F-936C-6E55DE8D8430}"
EndProject
Project("{9A19103F-16F7-4668-BE54-9A1E7A4F7556}") = "Homework", "Task2\Homework.csproj", "{83C7B5B6-07B0-4C6A-BA65-2952405F46CD}"
EndProject
Project("{9A19103F-16F7-4668-BE54-9A1E7A4F7556}") = "Task21", "Task21\Task21.csproj", "{B90780FD-C651-4C41-8FF2-CC039958F4FB}"
EndProject
Project("{9A19103F-16F7-4668-BE54-9A1E7A4F7556}") = "Task23", "Task23\Task23.csproj", "{7196DDD9-E9C4-4DF5-9B99-11D6D362F4C4}"
EndProject
Project("{9A19103F-16F7-4668-BE54-9A1E7A4F7556}") = "Task25", "Task25\Task25.csproj", "{7C650760-591C-4B3E-B240-6915602DD7FF}"
EndProject
Project("{9A19103F-16F7-4668-BE54-9A1E7A4F7556}") = "Task27", "Task27\Task27.csproj", "{547137DB-C901-422F-8819-98012DCDF945}"
EndProject
Project("{9A19103F-16F7-4668-BE54-9A1E7A4F7556}") = "Task29", "Task29\Task29.csproj", "{54EC0607-717A-4502-A71D-6C13B231F911}"
EndProject
Project("{9A19103F-16F7-4668-BE54-9A1E7A4F7556}") = "Task34", "Task34\Task34.csproj", "{E54EFB48-6E93-442B-AC63-379894026024}"
EndProject
Project("{9A19103F-16F7-4668-BE54-9A1E7A4F7556}") = "Task36", "Task36\Task36.csproj", "{688052A0-8E73-4D7F-B504-FF34CE1F1DEC}"
EndProject
Project("{9A19103F-16F7-4668-BE54-9A1E7A4F7556}") = "Task38", "Task38\Task38.csproj", "{93CE5EB0-AF2F-4B44-9155-AB36B599B2D5}"
EndProject
Project("{9A19103F-16F7-4668-BE54-9A1E7A4F7556}") = "Homework (1)", "Task4\Homework.csproj", "{8649FB17-8520-4707-A364-C3DB55FD04B6}"
EndProject
Project("{9A19103F-16F7-4668-BE54-9A1E7A4F7556}") = "Task41", "Task41\Task41.csproj", "{325C4DCD-4800-4F34-9280-1DDD5C70ADF3}"
EndProject
Project("{9A19103F-16F7-4668-BE54-9A1E7A4F7556}") = "Task43", "Task43\Task43.csproj", "{0A464C29-CDF3-4EEE-BDB7-831708AA437C}"
EndProject
Project("{9A19103F-16F7-4668-BE54-9A1E7A4F7556}") = "Task6", "Task6\Task6.csproj", "{2769A553-34C5-4519-B688-DAAD7533ED7A}"
EndProject
Project("{9A19103F-16F7-4668-BE54-9A1E7A4F7556}") = "Task8", "Task8\Task8.csproj", "{F53E9E12-BA4D-45CA-AF97-A5C954A33B32}"
EndProject
Global
	GlobalSection(SolutionConfigurationPlatforms) = preSolution
		Debug|Any CPU = Debug|Any CPU
		Release|Any CPU = Release|Any CPU
	EndGlobalSection
	GlobalSection(ProjectConfigurationPlatforms) = postSolution
		{652C7C4B-CA0E-4822-8CFC-10BDC85ADD21}.Debug|Any CPU.ActiveCfg = Debug|Any CPU
		{652C7C4B-CA0E-4822-8CFC-10BDC85ADD21}.Debug|Any CPU.Build.0 = Debug|Any CPU
		{652C7C4B-CA0E-4822-8CFC-10BDC85ADD21}.Release|Any CPU.ActiveCfg = Release|Any CPU
		{652C7C4B-CA0E-4822-8CFC-10BDC85ADD21}.Release|Any CPU.Build.0 = Release|Any CPU
		{70599DA1-2B26-46EC-9A8F-DBCF39D055A1}.Debug|Any CPU.ActiveCfg = Debug|Any CPU
		{70599DA1-2B26-46EC-9A8F-DBCF39D055A1}.Debug|Any CPU.Build.0 = Debug|Any CPU
		{70599DA1-2B26-46EC-9A8F-DBCF39D055A1}.Release|Any CPU.ActiveCfg = Release|Any CPU
		{70599DA1-2B26-46EC-9A8F-DBCF39D055A1}.Release|Any CPU.Build.0 = Release|Any CPU
		{35AF2637-B82B-4B36-816A-C4892D8B7BE4}.Debug|Any CPU.ActiveCfg = Debug|Any CPU
		{35AF2637-B82B-4B36-816A-C4892D8B7BE4}.Debug|Any CPU.Build.0 = Debug|Any CPU
		{35AF2637-B82B-4B36-816A-C4892D8B7BE4}.Release|Any CPU.ActiveCfg = Release|Any CPU
		{35AF2637-B82B-4B36-816A-C4892D8B7BE4}.Release|Any CPU.Build.0 = Release|Any CPU
		{FD85A52E-C49E-453F-936C-6E55DE8D8430}.Debug|Any CPU.ActiveCfg = Debug|Any CPU
		{FD85A52E-C49E-453F-936C-6E55DE8D8430}.Debug|Any CPU.Build.0 = Debug|Any CPU
		{FD85A52E-C49E-453F-936C-6E55DE8D8430}.Release|Any CPU.ActiveCfg = Release|Any CPU
		{FD85A52E-C49E-453F-936C-6E55DE8D8430}.Release|Any CPU.Build.0 = Release|Any CPU
		{83C7B5B6-07B0-4C6A-BA65-2952405F46CD}.Debug|Any CPU.ActiveCfg = Debug|Any CPU
		{83C7B5B6-07B0-4C6A-BA65-2952405F46CD}.Debug|Any CPU.Build.0 = Debug|Any CPU
		{83C7B5B6-07B0-4C6A-BA65-2952405F46CD}.Release|Any CPU.ActiveCfg = Release|Any CPU
		{83C7B5B6-07B0-4C6A-BA65-2952405F46CD}.Release|Any CPU.Build.0 = Release|Any CPU
		{B90780FD-C651-4C41-8FF2-CC039958F4FB}.Debug|Any CPU.ActiveCfg = Debug|Any CPU
		{B90780FD-C651-4C41-8FF2-CC039958F4FB}.Debug|Any CPU.Build.0 = Debug|Any CPU
		{B90780FD-C651-4C41-8FF2-CC039958F4FB}.Release|Any CPU.ActiveCfg = Release|Any CPU
		{B90780FD-C651-4C41-8FF2-CC039958F4FB}.Release|Any CPU.Build.0 = Release|Any CPU
		{7196DDD9-E9C4-4DF5-9B99-11D6D362F4C4}.Debug|Any CPU.ActiveCfg = Debug|Any CPU
		{7196DDD9-E9C4-4DF5-9B99-11D6D362F4C4}.Debug|Any CPU.Build.0 = Debug|Any CPU
		{7196DDD9-E9C4-4DF5-9B99-11D6D362F4C4}.Release|Any CPU.ActiveCfg = Release|Any CPU
		{7196DDD9-E9C4-4DF5-9B99-11D6D362F4C4}.Release|Any CPU.Build.0 = Release|Any CPU
		{7C650760-591C-4B3E-B240-6915602DD7FF}.Debug|Any CPU.ActiveCfg = Debug|Any CPU
		{7C650760-591C-4B3E-B240-6915602DD7FF}.Debug|Any CPU.Build.0 = Debug|Any CPU
		{7C650760-591C-4B3E-B240-6915602DD7FF}.Release|Any CPU.ActiveCfg = Release|Any CPU
		{7C650760-591C-4B3E-B240-6915602DD7FF}.Release|Any CPU.Build.0 = Release|Any CPU
		{547137DB-C901-422F-8819-98012DCDF945}.Debug|Any CPU.ActiveCfg = Debug|Any CPU
		{547137DB-C901-422F-8819-98012DCDF945}.Debug|Any CPU.Build.0 = Debug|Any CPU
		{547137DB-C901-422F-8819-98012DCDF945}.Release|Any CPU.ActiveCfg = Release|Any CPU
		{547137DB-C901-422F-8819-98012DCDF945}.Release|Any CPU.Build.0 = Release|Any CPU
		{54EC0607-717A-4502-A71D-6C13B231F911}.Debug|Any CPU.ActiveCfg = Debug|Any CPU
		{54EC0607-717A-4502-A71D-6C13B231F911}.Debug|Any CPU.Build.0 = Debug|Any CPU
		{54EC0607-717A-4502-A71D-6C13B231F911}.Release|Any CPU.ActiveCfg = Release|Any CPU
		{54EC0607-717A-4502-A71D-6C13B231F911}.Release|Any CPU.Build.0 = Release|Any CPU
		{E54EFB48-6E93-442B-AC63-379894026024}.Debug|Any CPU.ActiveCfg = Debug|Any CPU
		{E54EFB48-6E93-442B-AC63-379894026024}.Debug|Any CPU.Build.0 = Debug|Any CPU
		{E54EFB48-6E93-442B-AC63-379894026024}.Release|Any CPU.ActiveCfg = Release|Any CPU
		{E54EFB48-6E93-442B-AC63-379894026024}.Release|Any CPU.Build.0 = Release|Any CPU
		{688052A0-8E73-4D7F-B504-FF34CE1F1DEC}.Debug|Any CPU.ActiveCfg = Debug|Any CPU
		{688052A0-8E73-4D7F-B504-FF34CE1F1DEC}.Debug|Any CPU.Build.0 = Debug|Any CPU
		{688052A0-8E73-4D7F-B504-FF34CE1F1DEC}.Release|Any CPU.ActiveCfg = Release|Any CPU
		{688052A0-8E73-4D7F-B504-FF34CE1F1DEC}.Release|Any CPU.Build.0 = Release|Any CPU
		{93CE5EB0-AF2F-4B44-9155-AB36B599B2D5}.Debug|Any CPU.ActiveCfg = Debug|Any CPU
		{93CE5EB0-AF2F-4B44-9155-AB36B599B2D5}.Debug|Any CPU.Build.0 = Debug|Any CPU
		{93CE5EB0-AF2F-4B44-9155-AB36B599B2D5}.Release|Any CPU.ActiveCfg = Release|Any CPU
		{93CE5EB0-AF2F-4B44-9155-AB36B599B2D5}.Release|Any CPU.Build.0 = Release|Any CPU
		{8649FB17-8520-4707-A364-C3DB55FD04B6}.Debug|Any CPU.ActiveCfg = Debug|Any CPU
		{8649FB17-8520-4707-A364-C3DB55FD04B6}.Debug|Any CPU.Build.0 = Debug|Any CPU
		{8649FB17-8520-4707-A364-C3DB55FD04B6}.Release|Any CPU.ActiveCfg = Release|Any CPU
		{8649FB17-8520-4707-A364-C3DB55FD04B6}.Release|Any CPU.Build.0 = Release|Any CPU
		{325C4DCD-4800-4F34-9280-1DDD5C70ADF3}.Debug|Any CPU.ActiveCfg = Debug|Any CPU
		{325C4DCD-4800-4F34-9280-1DDD5C70ADF3}.Debug|Any CPU.Build.0 = Debug|Any CPU
		{325C4DCD-4800-4F34-9280-1DDD5C70ADF3}.Release|Any CPU.ActiveCfg = Release|Any CPU
		{325C4DCD-4800-4F34-9280-1DDD5C70ADF3}.Release|Any CPU.Build.0 = Release|Any CPU
		{0A464C29-CDF3-4EEE-BDB7-831708AA437C}.Debug|Any CPU.ActiveCfg = Debug|Any CPU
		{0A464C29-CDF3-4EEE-BDB7-831708AA437C}.Debug|Any CPU.Build.0 = Debug|Any CPU
		{0A464C29-CDF3-4EEE-BDB7-831708AA437C}.Release|Any CPU.ActiveCfg = Release|Any CPU
		{0A464C29-CDF3-4EEE-BDB7-831708AA437C}.Release|Any CPU.Build.0 = Release|Any CPU
		{2769A553-34C5-4519-B688-DAAD7533ED7A}.Debug|Any CPU.ActiveCfg = Debug|Any CPU
		{2769A553-34C5-4519-B688-DAAD7533ED7A}.Debug|Any CPU.Build.0 = Debug|Any CPU
		{2769A553-34C5-4519-B688-DAAD7533ED7A}.Release|Any CPU.ActiveCfg = Release|Any CPU
		{2769A553-34C5-4519-B688-DAAD7533ED7A}.Release|Any CPU.Build.0 = Release|Any CPU
		{F53E9E12-BA4D-45CA-AF97-A5C954A33B32}.Debug|Any CPU.ActiveCfg = Debug|Any CPU
		{F53E9E12-BA4D-45CA-AF97-A5C954A33B32}.Debug|Any CPU.Build.0 = Debug|Any CPU
		{F53E9E12-BA4D-45CA-AF97-A5C954A33B32}.Release|Any CPU.ActiveCfg = Release|Any CPU
		{F53E9E12-BA4D-45CA-AF97-A5C954A33B32}.Release|Any CPU.Build.0 = Release|Any CPU
	EndGlobalSection
	GlobalSection(SolutionProperties) = preSolution
		HideSolutionNode = FALSE
	EndGlobalSection
	GlobalSection(ExtensibilityGlobals) = postSolution
		SolutionGuid = {4E516018-91C7-4B7E-B4A1-435D5689666F}
	EndGlobalSection
EndGlobal
